
Microsoft Visual Studio Solution File, Format Version 12.00
# Visual Studio Version 17
VisualStudioVersion = 17.0.31903.59
MinimumVisualStudioVersion = 10.0.40219.1
Project("{FAE04EC0-301F-11D3-BF4B-00C04F79EFBC}") = "SistemaVales.Models", "SistemaVales.Models\SistemaVales.Models.csproj", "{3894E60E-B22C-40E3-87F7-A217DF7505D5}"
EndProject
Project("{FAE04EC0-301F-11D3-BF4B-00C04F79EFBC}") = "SistemaVales.DAL", "SistemaVales.DAL\SistemaVales.DAL.csproj", "{C1B5D0BC-20B2-4781-98F4-3CE6AC6E3CAF}"
EndProject
Project("{FAE04EC0-301F-11D3-BF4B-00C04F79EFBC}") = "SistemaVales.BLL", "SistemaVales.BLL\SistemaVales.BLL.csproj", "{AEE2A526-61C1-495F-9FCA-62FE9DEB2DE4}"
EndProject
Project("{FAE04EC0-301F-11D3-BF4B-00C04F79EFBC}") = "SistemaVales.Web", "SistemaVales.Web\SistemaVales.Web.csproj", "{4FCFD552-3A3F-46D5-830B-9134796AFAF0}"
EndProject
Global
	GlobalSection(SolutionConfigurationPlatforms) = preSolution
		Debug|Any CPU = Debug|Any CPU
		Debug|x64 = Debug|x64
		Debug|x86 = Debug|x86
		Release|Any CPU = Release|Any CPU
		Release|x64 = Release|x64
		Release|x86 = Release|x86
	EndGlobalSection
	GlobalSection(ProjectConfigurationPlatforms) = postSolution
		{3894E60E-B22C-40E3-87F7-A217DF7505D5}.Debug|Any CPU.ActiveCfg = Debug|Any CPU
		{3894E60E-B22C-40E3-87F7-A217DF7505D5}.Debug|Any CPU.Build.0 = Debug|Any CPU
		{3894E60E-B22C-40E3-87F7-A217DF7505D5}.Debug|x64.ActiveCfg = Debug|Any CPU
		{3894E60E-B22C-40E3-87F7-A217DF7505D5}.Debug|x64.Build.0 = Debug|Any CPU
		{3894E60E-B22C-40E3-87F7-A217DF7505D5}.Debug|x86.ActiveCfg = Debug|Any CPU
		{3894E60E-B22C-40E3-87F7-A217DF7505D5}.Debug|x86.Build.0 = Debug|Any CPU
		{3894E60E-B22C-40E3-87F7-A217DF7505D5}.Release|Any CPU.ActiveCfg = Release|Any CPU
		{3894E60E-B22C-40E3-87F7-A217DF7505D5}.Release|Any CPU.Build.0 = Release|Any CPU
		{3894E60E-B22C-40E3-87F7-A217DF7505D5}.Release|x64.ActiveCfg = Release|Any CPU
		{3894E60E-B22C-40E3-87F7-A217DF7505D5}.Release|x64.Build.0 = Release|Any CPU
		{3894E60E-B22C-40E3-87F7-A217DF7505D5}.Release|x86.ActiveCfg = Release|Any CPU
		{3894E60E-B22C-40E3-87F7-A217DF7505D5}.Release|x86.Build.0 = Release|Any CPU
		{C1B5D0BC-20B2-4781-98F4-3CE6AC6E3CAF}.Debug|Any CPU.ActiveCfg = Debug|Any CPU
		{C1B5D0BC-20B2-4781-98F4-3CE6AC6E3CAF}.Debug|Any CPU.Build.0 = Debug|Any CPU
		{C1B5D0BC-20B2-4781-98F4-3CE6AC6E3CAF}.Debug|x64.ActiveCfg = Debug|Any CPU
		{C1B5D0BC-20B2-4781-98F4-3CE6AC6E3CAF}.Debug|x64.Build.0 = Debug|Any CPU
		{C1B5D0BC-20B2-4781-98F4-3CE6AC6E3CAF}.Debug|x86.ActiveCfg = Debug|Any CPU
		{C1B5D0BC-20B2-4781-98F4-3CE6AC6E3CAF}.Debug|x86.Build.0 = Debug|Any CPU
		{C1B5D0BC-20B2-4781-98F4-3CE6AC6E3CAF}.Release|Any CPU.ActiveCfg = Release|Any CPU
		{C1B5D0BC-20B2-4781-98F4-3CE6AC6E3CAF}.Release|Any CPU.Build.0 = Release|Any CPU
		{C1B5D0BC-20B2-4781-98F4-3CE6AC6E3CAF}.Release|x64.ActiveCfg = Release|Any CPU
		{C1B5D0BC-20B2-4781-98F4-3CE6AC6E3CAF}.Release|x64.Build.0 = Release|Any CPU
		{C1B5D0BC-20B2-4781-98F4-3CE6AC6E3CAF}.Release|x86.ActiveCfg = Release|Any CPU
		{C1B5D0BC-20B2-4781-98F4-3CE6AC6E3CAF}.Release|x86.Build.0 = Release|Any CPU
		{AEE2A526-61C1-495F-9FCA-62FE9DEB2DE4}.Debug|Any CPU.ActiveCfg = Debug|Any CPU
		{AEE2A526-61C1-495F-9FCA-62FE9DEB2DE4}.Debug|Any CPU.Build.0 = Debug|Any CPU
		{AEE2A526-61C1-495F-9FCA-62FE9DEB2DE4}.Debug|x64.ActiveCfg = Debug|Any CPU
		{AEE2A526-61C1-495F-9FCA-62FE9DEB2DE4}.Debug|x64.Build.0 = Debug|Any CPU
		{AEE2A526-61C1-495F-9FCA-62FE9DEB2DE4}.Debug|x86.ActiveCfg = Debug|Any CPU
		{AEE2A526-61C1-495F-9FCA-62FE9DEB2DE4}.Debug|x86.Build.0 = Debug|Any CPU
		{AEE2A526-61C1-495F-9FCA-62FE9DEB2DE4}.Release|Any CPU.ActiveCfg = Release|Any CPU
		{AEE2A526-61C1-495F-9FCA-62FE9DEB2DE4}.Release|Any CPU.Build.0 = Release|Any CPU
		{AEE2A526-61C1-495F-9FCA-62FE9DEB2DE4}.Release|x64.ActiveCfg = Release|Any CPU
		{AEE2A526-61C1-495F-9FCA-62FE9DEB2DE4}.Release|x64.Build.0 = Release|Any CPU
		{AEE2A526-61C1-495F-9FCA-62FE9DEB2DE4}.Release|x86.ActiveCfg = Release|Any CPU
		{AEE2A526-61C1-495F-9FCA-62FE9DEB2DE4}.Release|x86.Build.0 = Release|Any CPU
		{4FCFD552-3A3F-46D5-830B-9134796AFAF0}.Debug|Any CPU.ActiveCfg = Debug|Any CPU
		{4FCFD552-3A3F-46D5-830B-9134796AFAF0}.Debug|Any CPU.Build.0 = Debug|Any CPU
		{4FCFD552-3A3F-46D5-830B-9134796AFAF0}.Debug|x64.ActiveCfg = Debug|Any CPU
		{4FCFD552-3A3F-46D5-830B-9134796AFAF0}.Debug|x64.Build.0 = Debug|Any CPU
		{4FCFD552-3A3F-46D5-830B-9134796AFAF0}.Debug|x86.ActiveCfg = Debug|Any CPU
		{4FCFD552-3A3F-46D5-830B-9134796AFAF0}.Debug|x86.Build.0 = Debug|Any CPU
		{4FCFD552-3A3F-46D5-830B-9134796AFAF0}.Release|Any CPU.ActiveCfg = Release|Any CPU
		{4FCFD552-3A3F-46D5-830B-9134796AFAF0}.Release|Any CPU.Build.0 = Release|Any CPU
		{4FCFD552-3A3F-46D5-830B-9134796AFAF0}.Release|x64.ActiveCfg = Release|Any CPU
		{4FCFD552-3A3F-46D5-830B-9134796AFAF0}.Release|x64.Build.0 = Release|Any CPU
		{4FCFD552-3A3F-46D5-830B-9134796AFAF0}.Release|x86.ActiveCfg = Release|Any CPU
		{4FCFD552-3A3F-46D5-830B-9134796AFAF0}.Release|x86.Build.0 = Release|Any CPU
	EndGlobalSection
	GlobalSection(SolutionProperties) = preSolution
		HideSolutionNode = FALSE
	EndGlobalSection
EndGlobal
